
Microsoft Visual Studio Solution File, Format Version 12.00
# Visual Studio 15
VisualStudioVersion = 15.0.28307.705
MinimumVisualStudioVersion = 10.0.40219.1
Project("{FAE04EC0-301F-11D3-BF4B-00C04F79EFBC}") = "SceneViewer", "SceneViewer\SceneViewer.csproj", "{913F0717-F797-4E5B-BBD2-477F1C7AFE78}"
EndProject
Project("{FAE04EC0-301F-11D3-BF4B-00C04F79EFBC}") = "AssetStudio", "AssetStudio\AssetStudio.csproj", "{AF56B63C-1764-41B7-9E60-8D485422AC3B}"
EndProject
Project("{FAE04EC0-301F-11D3-BF4B-00C04F79EFBC}") = "AssetStudioUtility", "AssetStudioUtility\AssetStudioUtility.csproj", "{9131C403-7FE8-444D-9AF5-5FE5DF76FF24}"
EndProject
Global
	GlobalSection(SolutionConfigurationPlatforms) = preSolution
		Debug|Any CPU = Debug|Any CPU
		Debug|x64 = Debug|x64
		Debug|x86 = Debug|x86
		Release|Any CPU = Release|Any CPU
		Release|x64 = Release|x64
		Release|x86 = Release|x86
	EndGlobalSection
	GlobalSection(ProjectConfigurationPlatforms) = postSolution
		{913F0717-F797-4E5B-BBD2-477F1C7AFE78}.Debug|Any CPU.ActiveCfg = Debug|Any CPU
		{913F0717-F797-4E5B-BBD2-477F1C7AFE78}.Debug|Any CPU.Build.0 = Debug|Any CPU
		{913F0717-F797-4E5B-BBD2-477F1C7AFE78}.Debug|x64.ActiveCfg = Debug|Any CPU
		{913F0717-F797-4E5B-BBD2-477F1C7AFE78}.Debug|x64.Build.0 = Debug|Any CPU
		{913F0717-F797-4E5B-BBD2-477F1C7AFE78}.Debug|x86.ActiveCfg = Debug|Any CPU
		{913F0717-F797-4E5B-BBD2-477F1C7AFE78}.Debug|x86.Build.0 = Debug|Any CPU
		{913F0717-F797-4E5B-BBD2-477F1C7AFE78}.Release|Any CPU.ActiveCfg = Release|Any CPU
		{913F0717-F797-4E5B-BBD2-477F1C7AFE78}.Release|Any CPU.Build.0 = Release|Any CPU
		{913F0717-F797-4E5B-BBD2-477F1C7AFE78}.Release|x64.ActiveCfg = Release|Any CPU
		{913F0717-F797-4E5B-BBD2-477F1C7AFE78}.Release|x64.Build.0 = Release|Any CPU
		{913F0717-F797-4E5B-BBD2-477F1C7AFE78}.Release|x86.ActiveCfg = Release|Any CPU
		{913F0717-F797-4E5B-BBD2-477F1C7AFE78}.Release|x86.Build.0 = Release|Any CPU
		{AF56B63C-1764-41B7-9E60-8D485422AC3B}.Debug|Any CPU.ActiveCfg = Debug|Any CPU
		{AF56B63C-1764-41B7-9E60-8D485422AC3B}.Debug|Any CPU.Build.0 = Debug|Any CPU
		{AF56B63C-1764-41B7-9E60-8D485422AC3B}.Debug|x64.ActiveCfg = Debug|Any CPU
		{AF56B63C-1764-41B7-9E60-8D485422AC3B}.Debug|x64.Build.0 = Debug|Any CPU
		{AF56B63C-1764-41B7-9E60-8D485422AC3B}.Debug|x86.ActiveCfg = Debug|Any CPU
		{AF56B63C-1764-41B7-9E60-8D485422AC3B}.Debug|x86.Build.0 = Debug|Any CPU
		{AF56B63C-1764-41B7-9E60-8D485422AC3B}.Release|Any CPU.ActiveCfg = Release|Any CPU
		{AF56B63C-1764-41B7-9E60-8D485422AC3B}.Release|Any CPU.Build.0 = Release|Any CPU
		{AF56B63C-1764-41B7-9E60-8D485422AC3B}.Release|x64.ActiveCfg = Release|Any CPU
		{AF56B63C-1764-41B7-9E60-8D485422AC3B}.Release|x64.Build.0 = Release|Any CPU
		{AF56B63C-1764-41B7-9E60-8D485422AC3B}.Release|x86.ActiveCfg = Release|Any CPU
		{AF56B63C-1764-41B7-9E60-8D485422AC3B}.Release|x86.Build.0 = Release|Any CPU
		{9131C403-7FE8-444D-9AF5-5FE5DF76FF24}.Debug|Any CPU.ActiveCfg = Debug|x86
		{9131C403-7FE8-444D-9AF5-5FE5DF76FF24}.Debug|x64.ActiveCfg = Debug|x64
		{9131C403-7FE8-444D-9AF5-5FE5DF76FF24}.Debug|x64.Build.0 = Debug|x64
		{9131C403-7FE8-444D-9AF5-5FE5DF76FF24}.Debug|x86.ActiveCfg = Debug|x86
		{9131C403-7FE8-444D-9AF5-5FE5DF76FF24}.Debug|x86.Build.0 = Debug|x86
		{9131C403-7FE8-444D-9AF5-5FE5DF76FF24}.Release|Any CPU.ActiveCfg = Release|x86
		{9131C403-7FE8-444D-9AF5-5FE5DF76FF24}.Release|x64.ActiveCfg = Release|x64
		{9131C403-7FE8-444D-9AF5-5FE5DF76FF24}.Release|x64.Build.0 = Release|x64
		{9131C403-7FE8-444D-9AF5-5FE5DF76FF24}.Release|x86.ActiveCfg = Release|x86
		{9131C403-7FE8-444D-9AF5-5FE5DF76FF24}.Release|x86.Build.0 = Release|x86
	EndGlobalSection
	GlobalSection(SolutionProperties) = preSolution
		HideSolutionNode = FALSE
	EndGlobalSection
	GlobalSection(ExtensibilityGlobals) = postSolution
		SolutionGuid = {ECED4F08-604C-4237-B15E-79A60C47AB1C}
	EndGlobalSection
EndGlobal
